
Microsoft Visual Studio Solution File, Format Version 12.00
# Visual Studio Version 16
VisualStudioVersion = 16.0.29411.108
MinimumVisualStudioVersion = 10.0.40219.1
Project("{FAE04EC0-301F-11D3-BF4B-00C04F79EFBC}") = "RoboCodeChallenge2", "RoboCodeChallenge2\RoboCodeChallenge2.csproj", "{B9E31698-5285-46C6-95D5-809D5E9B9A14}"
EndProject
Global
	GlobalSection(SolutionConfigurationPlatforms) = preSolution
		Debug|Any CPU = Debug|Any CPU
		Release|Any CPU = Release|Any CPU
	EndGlobalSection
	GlobalSection(ProjectConfigurationPlatforms) = postSolution
		{B9E31698-5285-46C6-95D5-809D5E9B9A14}.Debug|Any CPU.ActiveCfg = Debug|Any CPU
		{B9E31698-5285-46C6-95D5-809D5E9B9A14}.Debug|Any CPU.Build.0 = Debug|Any CPU
		{B9E31698-5285-46C6-95D5-809D5E9B9A14}.Release|Any CPU.ActiveCfg = Release|Any CPU
		{B9E31698-5285-46C6-95D5-809D5E9B9A14}.Release|Any CPU.Build.0 = Release|Any CPU
	EndGlobalSection
	GlobalSection(SolutionProperties) = preSolution
		HideSolutionNode = FALSE
	EndGlobalSection
	GlobalSection(ExtensibilityGlobals) = postSolution
		SolutionGuid = {626881D8-9A68-412A-BAAB-89C15093DE30}
	EndGlobalSection
EndGlobal
